Microsoft Visual Studio Solution File, Format Version 12.00
# Visual Studio Version 16
VisualStudioVersion = 16.0.31313.79
MinimumVisualStudioVersion = 10.0.40219.1
Project("{9A19103F-16F7-4668-BE54-9A1E7A4F7556}") = "Asp.netCoreMvcCrud", "Asp.netCoreMvcCrud.csproj", "{AF1743D0-4904-4F65-A2BB-E356FB6710F8}"
EndProject
Project("{9A19103F-16F7-4668-BE54-9A1E7A4F7556}") = "CheckboxesUsingEF", "..\CheckboxesUsingEF\CheckboxesUsingEF.csproj", "{CDCFE841-EE29-46ED-A7CB-78B88D594D86}"
EndProject
Project("{9A19103F-16F7-4668-BE54-9A1E7A4F7556}") = "SampleEF", "..\SampleEF\SampleEF.csproj", "{DB6706BB-2492-45E8-A98D-4DDDB21F58B3}"
EndProject
Global
	GlobalSection(SolutionConfigurationPlatforms) = preSolution
		Debug|Any CPU = Debug|Any CPU
		Release|Any CPU = Release|Any CPU
	EndGlobalSection
	GlobalSection(ProjectConfigurationPlatforms) = postSolution
		{AF1743D0-4904-4F65-A2BB-E356FB6710F8}.Debug|Any CPU.ActiveCfg = Debug|Any CPU
		{AF1743D0-4904-4F65-A2BB-E356FB6710F8}.Debug|Any CPU.Build.0 = Debug|Any CPU
		{AF1743D0-4904-4F65-A2BB-E356FB6710F8}.Release|Any CPU.ActiveCfg = Release|Any CPU
		{AF1743D0-4904-4F65-A2BB-E356FB6710F8}.Release|Any CPU.Build.0 = Release|Any CPU
		{CDCFE841-EE29-46ED-A7CB-78B88D594D86}.Debug|Any CPU.ActiveCfg = Debug|Any CPU
		{CDCFE841-EE29-46ED-A7CB-78B88D594D86}.Debug|Any CPU.Build.0 = Debug|Any CPU
		{CDCFE841-EE29-46ED-A7CB-78B88D594D86}.Release|Any CPU.ActiveCfg = Release|Any CPU
		{CDCFE841-EE29-46ED-A7CB-78B88D594D86}.Release|Any CPU.Build.0 = Release|Any CPU
		{DB6706BB-2492-45E8-A98D-4DDDB21F58B3}.Debug|Any CPU.ActiveCfg = Debug|Any CPU
		{DB6706BB-2492-45E8-A98D-4DDDB21F58B3}.Debug|Any CPU.Build.0 = Debug|Any CPU
		{DB6706BB-2492-45E8-A98D-4DDDB21F58B3}.Release|Any CPU.ActiveCfg = Release|Any CPU
		{DB6706BB-2492-45E8-A98D-4DDDB21F58B3}.Release|Any CPU.Build.0 = Release|Any CPU
	EndGlobalSection
	GlobalSection(SolutionProperties) = preSolution
		HideSolutionNode = FALSE
	EndGlobalSection
	GlobalSection(ExtensibilityGlobals) = postSolution
		SolutionGuid = {6D4F194F-5921-410A-87A7-FA1B571D630F}
	EndGlobalSection
EndGlobal
